{
  "requires": true,
  "lockfileVersion": 1,
  "dependencies": {
    "purty": {
      "version": "3.0.3",
      "resolved": "https://registry.npmjs.org/purty/-/purty-3.0.3.tgz",
      "integrity": "sha512-BdTp/iOIMqIlxIcqgGBlQ9MSBSDKi0lItKnFo9lUrvfVzeW+W14BPs8YFSyWNA3PxzVFhzGsHcbFc3L8u0J9FA=="
    },
    "xhr2": {
      "version": "0.1.4",
      "resolved": "https://registry.npmjs.org/xhr2/-/xhr2-0.1.4.tgz",
      "integrity": "sha1-f4dliEdxbbUCYyOBL4GMras4el8="
    }
  }
}
